
Microsoft Visual Studio Solution File, Format Version 11.00
# Visual Studio 2010
Project("{2150E333-8FDC-42A3-9474-1A3956D46DE8}") = "Solution Items", "Solution Items", "{0FDF9BB0-B01D-4C60-B072-D811FB8D0D2F}"
	ProjectSection(SolutionItems) = preProject
		LocalTestRun.testrunconfig = LocalTestRun.testrunconfig
		HighRegex.vsmdi = HighRegex.vsmdi
	EndProjectSection
EndProject
Project("{FAE04EC0-301F-11D3-BF4B-00C04F79EFBC}") = "HighRegex", "HighRegex\HighRegex.csproj", "{E931830F-5C33-4D9A-9FDF-AFEC1F4585A3}"
EndProject
Project("{FAE04EC0-301F-11D3-BF4B-00C04F79EFBC}") = "HighRegex.UnitTest", "HighRegex.UnitTest\HighRegex.UnitTest.csproj", "{64A805FE-A639-46FB-AD0E-7A6AC5B68430}"
EndProject
Global
	GlobalSection(TeamFoundationVersionControl) = preSolution
		SccNumberOfProjects = 3
		SccEnterpriseProvider = {4CA58AB2-18FA-4F8D-95D4-32DDF27D184C}
		SccTeamFoundationServer = http://tfs.softek.local:8080/tfs/dev
		SccLocalPath0 = .
		SccProjectUniqueName1 = HighRegex.csproj
		SccLocalPath1 = .
		SccProjectUniqueName2 = ..\\HighRegex.UnitTest\\HighRegex.UnitTest.csproj
		SccProjectName2 = ../HighRegex.UnitTest
		SccLocalPath2 = ..\\HighRegex.UnitTest
	EndGlobalSection
	GlobalSection(TestCaseManagementSettings) = postSolution
		CategoryFile = HighRegex.vsmdi
	EndGlobalSection
	GlobalSection(SolutionConfigurationPlatforms) = preSolution
		Debug|Any CPU = Debug|Any CPU
		Release|Any CPU = Release|Any CPU
	EndGlobalSection
	GlobalSection(ProjectConfigurationPlatforms) = postSolution
		{E931830F-5C33-4D9A-9FDF-AFEC1F4585A3}.Debug|Any CPU.ActiveCfg = Debug|Any CPU
		{E931830F-5C33-4D9A-9FDF-AFEC1F4585A3}.Debug|Any CPU.Build.0 = Debug|Any CPU
		{E931830F-5C33-4D9A-9FDF-AFEC1F4585A3}.Release|Any CPU.ActiveCfg = Release|Any CPU
		{E931830F-5C33-4D9A-9FDF-AFEC1F4585A3}.Release|Any CPU.Build.0 = Release|Any CPU
		{64A805FE-A639-46FB-AD0E-7A6AC5B68430}.Debug|Any CPU.ActiveCfg = Debug|Any CPU
		{64A805FE-A639-46FB-AD0E-7A6AC5B68430}.Debug|Any CPU.Build.0 = Debug|Any CPU
		{64A805FE-A639-46FB-AD0E-7A6AC5B68430}.Release|Any CPU.ActiveCfg = Release|Any CPU
		{64A805FE-A639-46FB-AD0E-7A6AC5B68430}.Release|Any CPU.Build.0 = Release|Any CPU
	EndGlobalSection
	GlobalSection(SolutionProperties) = preSolution
		HideSolutionNode = FALSE
	EndGlobalSection
EndGlobal
